
Microsoft Visual Studio Solution File, Format Version 12.00
# Visual Studio Version 17
VisualStudioVersion = 17.14.37531.7
MinimumVisualStudioVersion = 10.0.40219.1
Project("{2150E333-8FDC-42A3-9474-1A3956D46DE8}") = "src", "src", "{02EA681E-C7D8-13C7-8484-4AC65E1B71E8}"
EndProject
Project("{2150E333-8FDC-42A3-9474-1A3956D46DE8}") = "SubSystems", "SubSystems", "{70EBDDF2-A130-421F-92B5-6EC66F1E6B66}"
EndProject
Project("{2150E333-8FDC-42A3-9474-1A3956D46DE8}") = "StudentManagementSystem", "StudentManagementSystem", "{B4A8318C-8F9D-4689-9609-584888A12CA6}"
EndProject
Project("{FAE04EC0-301F-11D3-BF4B-00C04F79EFBC}") = "StudentMSystem.API", "src\SubSystems\StudentManagementSystem\StudentMSystem.API\StudentMSystem.API.csproj", "{0358688E-D743-B9DD-7788-33AE6C5D5F24}"
EndProject
Project("{FAE04EC0-301F-11D3-BF4B-00C04F79EFBC}") = "StudentMSystem.Handler", "src\SubSystems\StudentManagementSystem\StudentMSystem.Handler\StudentMSystem.Handler.csproj", "{BBAD4CBD-27A2-E7E7-F085-ACB7BE735385}"
EndProject
Project("{FAE04EC0-301F-11D3-BF4B-00C04F79EFBC}") = "StudentMSystem.DTO", "src\SubSystems\StudentManagementSystem\StudentMSystem.DTO\StudentMSystem.DTO.csproj", "{C24B97EA-4ACB-AC8A-F9A4-ED988EF112CC}"
EndProject
Project("{FAE04EC0-301F-11D3-BF4B-00C04F79EFBC}") = "StudentMSystem.AggregateRoot", "src\SubSystems\StudentManagementSystem\StudentMSystem.AggregateRoot\StudentMSystem.AggregateRoot.csproj", "{7B725BDA-54E0-8618-E925-7B467F08EC24}"
EndProject
Project("{FAE04EC0-301F-11D3-BF4B-00C04F79EFBC}") = "StudentMSystem.Repository", "src\SubSystems\StudentManagementSystem\StudentMSystem.Repository\StudentMSystem.Repository.csproj", "{DE86BF4E-B36C-5937-2496-29C759F251DB}"
EndProject
Project("{2150E333-8FDC-42A3-9474-1A3956D46DE8}") = "Shared", "Shared", "{53F95B59-A9F2-43C5-8F02-C6FD8F4A6293}"
EndProject
Project("{FAE04EC0-301F-11D3-BF4B-00C04F79EFBC}") = "EducationManagementSystem.Shared.Dispatcher", "EducationManagementSystem.Shared.Dispatcher\EducationManagementSystem.Shared.Dispatcher.csproj", "{34B71650-FA9A-4CD1-915B-BCEA7F110C47}"
EndProject
Project("{2150E333-8FDC-42A3-9474-1A3956D46DE8}") = "CourseMangementSystem", "CourseMangementSystem", "{E7D2E486-6C84-4F35-98AC-3F21DA20A40C}"
EndProject
Project("{FAE04EC0-301F-11D3-BF4B-00C04F79EFBC}") = "CourseMSystem.AggregateRoot", "CourseMSystem.AggregateRoot\CourseMSystem.AggregateRoot.csproj", "{98F58D8C-431F-4839-8353-81C138B332AB}"
EndProject
Project("{FAE04EC0-301F-11D3-BF4B-00C04F79EFBC}") = "CourseMSystem.API", "CourseMSystem.API\CourseMSystem.API.csproj", "{E7D6975C-956F-413D-BF39-90327887500D}"
EndProject
Project("{FAE04EC0-301F-11D3-BF4B-00C04F79EFBC}") = "CourseMSystem.DTO", "CourseMSystem.DTO\CourseMSystem.DTO.csproj", "{D3ECDAAE-85FC-4127-901A-BF1FBBEA57FF}"
EndProject
Project("{FAE04EC0-301F-11D3-BF4B-00C04F79EFBC}") = "CourseMSystem.Handler", "CourseMSystem.Handler\CourseMSystem.Handler.csproj", "{9B542F3D-231D-424F-8223-FCB2CCA4EF9B}"
EndProject
Project("{FAE04EC0-301F-11D3-BF4B-00C04F79EFBC}") = "CourseMSystem.Repository", "CourseMSystem.Repository\CourseMSystem.Repository.csproj", "{3E3D6FBF-DDE3-4D3A-A5BA-AA2A953EA8E2}"
EndProject
Project("{2150E333-8FDC-42A3-9474-1A3956D46DE8}") = "ProfessorManagementSystem", "ProfessorManagementSystem", "{3F9B77ED-CD13-47BC-9A5C-19413AA7C2E2}"
EndProject
Project("{FAE04EC0-301F-11D3-BF4B-00C04F79EFBC}") = "ProfessorMSystem.AggregateRoot", "Professor.AggregateRoot\ProfessorMSystem.AggregateRoot.csproj", "{0F793F8A-E7D7-4086-BC96-12D694DD194D}"
EndProject
Project("{FAE04EC0-301F-11D3-BF4B-00C04F79EFBC}") = "ProfessorMSystem.API", "Professor.API\ProfessorMSystem.API.csproj", "{5F8F3794-154C-4A88-85A6-759025F88C24}"
EndProject
Project("{FAE04EC0-301F-11D3-BF4B-00C04F79EFBC}") = "ProfessorMSystem.Handler", "Professor.Handler\ProfessorMSystem.Handler.csproj", "{C149C183-84F6-4B29-A5C7-E30A74D1949C}"
EndProject
Project("{FAE04EC0-301F-11D3-BF4B-00C04F79EFBC}") = "ProfessorMSystem.DTO", "Professor.DTO\ProfessorMSystem.DTO.csproj", "{1A79DE50-C3B5-4FFC-B421-55CEDE8FB54F}"
EndProject
Project("{FAE04EC0-301F-11D3-BF4B-00C04F79EFBC}") = "ProfessorMSystem.Repository", "Professor.Repository\ProfessorMSystem.Repository.csproj", "{4DCDD995-2D6E-4187-97BD-3EAC6986663B}"
EndProject
Global
	GlobalSection(SolutionConfigurationPlatforms) = preSolution
		Debug|Any CPU = Debug|Any CPU
		Release|Any CPU = Release|Any CPU
	EndGlobalSection
	GlobalSection(ProjectConfigurationPlatforms) = postSolution
		{0358688E-D743-B9DD-7788-33AE6C5D5F24}.Debug|Any CPU.ActiveCfg = Debug|Any CPU
		{0358688E-D743-B9DD-7788-33AE6C5D5F24}.Debug|Any CPU.Build.0 = Debug|Any CPU
		{0358688E-D743-B9DD-7788-33AE6C5D5F24}.Release|Any CPU.ActiveCfg = Release|Any CPU
		{0358688E-D743-B9DD-7788-33AE6C5D5F24}.Release|Any CPU.Build.0 = Release|Any CPU
		{BBAD4CBD-27A2-E7E7-F085-ACB7BE735385}.Debug|Any CPU.ActiveCfg = Debug|Any CPU
		{BBAD4CBD-27A2-E7E7-F085-ACB7BE735385}.Debug|Any CPU.Build.0 = Debug|Any CPU
		{BBAD4CBD-27A2-E7E7-F085-ACB7BE735385}.Release|Any CPU.ActiveCfg = Release|Any CPU
		{BBAD4CBD-27A2-E7E7-F085-ACB7BE735385}.Release|Any CPU.Build.0 = Release|Any CPU
		{C24B97EA-4ACB-AC8A-F9A4-ED988EF112CC}.Debug|Any CPU.ActiveCfg = Debug|Any CPU
		{C24B97EA-4ACB-AC8A-F9A4-ED988EF112CC}.Debug|Any CPU.Build.0 = Debug|Any CPU
		{C24B97EA-4ACB-AC8A-F9A4-ED988EF112CC}.Release|Any CPU.ActiveCfg = Release|Any CPU
		{C24B97EA-4ACB-AC8A-F9A4-ED988EF112CC}.Release|Any CPU.Build.0 = Release|Any CPU
		{7B725BDA-54E0-8618-E925-7B467F08EC24}.Debug|Any CPU.ActiveCfg = Debug|Any CPU
		{7B725BDA-54E0-8618-E925-7B467F08EC24}.Debug|Any CPU.Build.0 = Debug|Any CPU
		{7B725BDA-54E0-8618-E925-7B467F08EC24}.Release|Any CPU.ActiveCfg = Release|Any CPU
		{7B725BDA-54E0-8618-E925-7B467F08EC24}.Release|Any CPU.Build.0 = Release|Any CPU
		{DE86BF4E-B36C-5937-2496-29C759F251DB}.Debug|Any CPU.ActiveCfg = Debug|Any CPU
		{DE86BF4E-B36C-5937-2496-29C759F251DB}.Debug|Any CPU.Build.0 = Debug|Any CPU
		{DE86BF4E-B36C-5937-2496-29C759F251DB}.Release|Any CPU.ActiveCfg = Release|Any CPU
		{DE86BF4E-B36C-5937-2496-29C759F251DB}.Release|Any CPU.Build.0 = Release|Any CPU
		{34B71650-FA9A-4CD1-915B-BCEA7F110C47}.Debug|Any CPU.ActiveCfg = Debug|Any CPU
		{34B71650-FA9A-4CD1-915B-BCEA7F110C47}.Debug|Any CPU.Build.0 = Debug|Any CPU
		{34B71650-FA9A-4CD1-915B-BCEA7F110C47}.Release|Any CPU.ActiveCfg = Release|Any CPU
		{34B71650-FA9A-4CD1-915B-BCEA7F110C47}.Release|Any CPU.Build.0 = Release|Any CPU
		{98F58D8C-431F-4839-8353-81C138B332AB}.Debug|Any CPU.ActiveCfg = Debug|Any CPU
		{98F58D8C-431F-4839-8353-81C138B332AB}.Debug|Any CPU.Build.0 = Debug|Any CPU
		{98F58D8C-431F-4839-8353-81C138B332AB}.Release|Any CPU.ActiveCfg = Release|Any CPU
		{98F58D8C-431F-4839-8353-81C138B332AB}.Release|Any CPU.Build.0 = Release|Any CPU
		{E7D6975C-956F-413D-BF39-90327887500D}.Debug|Any CPU.ActiveCfg = Debug|Any CPU
		{E7D6975C-956F-413D-BF39-90327887500D}.Debug|Any CPU.Build.0 = Debug|Any CPU
		{E7D6975C-956F-413D-BF39-90327887500D}.Release|Any CPU.ActiveCfg = Release|Any CPU
		{E7D6975C-956F-413D-BF39-90327887500D}.Release|Any CPU.Build.0 = Release|Any CPU
		{D3ECDAAE-85FC-4127-901A-BF1FBBEA57FF}.Debug|Any CPU.ActiveCfg = Debug|Any CPU
		{D3ECDAAE-85FC-4127-901A-BF1FBBEA57FF}.Debug|Any CPU.Build.0 = Debug|Any CPU
		{D3ECDAAE-85FC-4127-901A-BF1FBBEA57FF}.Release|Any CPU.ActiveCfg = Release|Any CPU
		{D3ECDAAE-85FC-4127-901A-BF1FBBEA57FF}.Release|Any CPU.Build.0 = Release|Any CPU
		{9B542F3D-231D-424F-8223-FCB2CCA4EF9B}.Debug|Any CPU.ActiveCfg = Debug|Any CPU
		{9B542F3D-231D-424F-8223-FCB2CCA4EF9B}.Debug|Any CPU.Build.0 = Debug|Any CPU
		{9B542F3D-231D-424F-8223-FCB2CCA4EF9B}.Release|Any CPU.ActiveCfg = Release|Any CPU
		{9B542F3D-231D-424F-8223-FCB2CCA4EF9B}.Release|Any CPU.Build.0 = Release|Any CPU
		{3E3D6FBF-DDE3-4D3A-A5BA-AA2A953EA8E2}.Debug|Any CPU.ActiveCfg = Debug|Any CPU
		{3E3D6FBF-DDE3-4D3A-A5BA-AA2A953EA8E2}.Debug|Any CPU.Build.0 = Debug|Any CPU
		{3E3D6FBF-DDE3-4D3A-A5BA-AA2A953EA8E2}.Release|Any CPU.ActiveCfg = Release|Any CPU
		{3E3D6FBF-DDE3-4D3A-A5BA-AA2A953EA8E2}.Release|Any CPU.Build.0 = Release|Any CPU
		{0F793F8A-E7D7-4086-BC96-12D694DD194D}.Debug|Any CPU.ActiveCfg = Debug|Any CPU
		{0F793F8A-E7D7-4086-BC96-12D694DD194D}.Debug|Any CPU.Build.0 = Debug|Any CPU
		{0F793F8A-E7D7-4086-BC96-12D694DD194D}.Release|Any CPU.ActiveCfg = Release|Any CPU
		{0F793F8A-E7D7-4086-BC96-12D694DD194D}.Release|Any CPU.Build.0 = Release|Any CPU
		{5F8F3794-154C-4A88-85A6-759025F88C24}.Debug|Any CPU.ActiveCfg = Debug|Any CPU
		{5F8F3794-154C-4A88-85A6-759025F88C24}.Debug|Any CPU.Build.0 = Debug|Any CPU
		{5F8F3794-154C-4A88-85A6-759025F88C24}.Release|Any CPU.ActiveCfg = Release|Any CPU
		{5F8F3794-154C-4A88-85A6-759025F88C24}.Release|Any CPU.Build.0 = Release|Any CPU
		{C149C183-84F6-4B29-A5C7-E30A74D1949C}.Debug|Any CPU.ActiveCfg = Debug|Any CPU
		{C149C183-84F6-4B29-A5C7-E30A74D1949C}.Debug|Any CPU.Build.0 = Debug|Any CPU
		{C149C183-84F6-4B29-A5C7-E30A74D1949C}.Release|Any CPU.ActiveCfg = Release|Any CPU
		{C149C183-84F6-4B29-A5C7-E30A74D1949C}.Release|Any CPU.Build.0 = Release|Any CPU
		{1A79DE50-C3B5-4FFC-B421-55CEDE8FB54F}.Debug|Any CPU.ActiveCfg = Debug|Any CPU
		{1A79DE50-C3B5-4FFC-B421-55CEDE8FB54F}.Debug|Any CPU.Build.0 = Debug|Any CPU
		{1A79DE50-C3B5-4FFC-B421-55CEDE8FB54F}.Release|Any CPU.ActiveCfg = Release|Any CPU
		{1A79DE50-C3B5-4FFC-B421-55CEDE8FB54F}.Release|Any CPU.Build.0 = Release|Any CPU
		{4DCDD995-2D6E-4187-97BD-3EAC6986663B}.Debug|Any CPU.ActiveCfg = Debug|Any CPU
		{4DCDD995-2D6E-4187-97BD-3EAC6986663B}.Debug|Any CPU.Build.0 = Debug|Any CPU
		{4DCDD995-2D6E-4187-97BD-3EAC6986663B}.Release|Any CPU.ActiveCfg = Release|Any CPU
		{4DCDD995-2D6E-4187-97BD-3EAC6986663B}.Release|Any CPU.Build.0 = Release|Any CPU
	EndGlobalSection
	GlobalSection(SolutionProperties) = preSolution
		HideSolutionNode = FALSE
	EndGlobalSection
	GlobalSection(NestedProjects) = preSolution
		{70EBDDF2-A130-421F-92B5-6EC66F1E6B66} = {02EA681E-C7D8-13C7-8484-4AC65E1B71E8}
		{B4A8318C-8F9D-4689-9609-584888A12CA6} = {70EBDDF2-A130-421F-92B5-6EC66F1E6B66}
		{0358688E-D743-B9DD-7788-33AE6C5D5F24} = {B4A8318C-8F9D-4689-9609-584888A12CA6}
		{BBAD4CBD-27A2-E7E7-F085-ACB7BE735385} = {B4A8318C-8F9D-4689-9609-584888A12CA6}
		{C24B97EA-4ACB-AC8A-F9A4-ED988EF112CC} = {B4A8318C-8F9D-4689-9609-584888A12CA6}
		{7B725BDA-54E0-8618-E925-7B467F08EC24} = {B4A8318C-8F9D-4689-9609-584888A12CA6}
		{DE86BF4E-B36C-5937-2496-29C759F251DB} = {B4A8318C-8F9D-4689-9609-584888A12CA6}
		{53F95B59-A9F2-43C5-8F02-C6FD8F4A6293} = {02EA681E-C7D8-13C7-8484-4AC65E1B71E8}
		{34B71650-FA9A-4CD1-915B-BCEA7F110C47} = {53F95B59-A9F2-43C5-8F02-C6FD8F4A6293}
		{E7D2E486-6C84-4F35-98AC-3F21DA20A40C} = {70EBDDF2-A130-421F-92B5-6EC66F1E6B66}
		{98F58D8C-431F-4839-8353-81C138B332AB} = {E7D2E486-6C84-4F35-98AC-3F21DA20A40C}
		{E7D6975C-956F-413D-BF39-90327887500D} = {E7D2E486-6C84-4F35-98AC-3F21DA20A40C}
		{D3ECDAAE-85FC-4127-901A-BF1FBBEA57FF} = {E7D2E486-6C84-4F35-98AC-3F21DA20A40C}
		{9B542F3D-231D-424F-8223-FCB2CCA4EF9B} = {E7D2E486-6C84-4F35-98AC-3F21DA20A40C}
		{3E3D6FBF-DDE3-4D3A-A5BA-AA2A953EA8E2} = {E7D2E486-6C84-4F35-98AC-3F21DA20A40C}
		{3F9B77ED-CD13-47BC-9A5C-19413AA7C2E2} = {70EBDDF2-A130-421F-92B5-6EC66F1E6B66}
		{0F793F8A-E7D7-4086-BC96-12D694DD194D} = {3F9B77ED-CD13-47BC-9A5C-19413AA7C2E2}
		{5F8F3794-154C-4A88-85A6-759025F88C24} = {3F9B77ED-CD13-47BC-9A5C-19413AA7C2E2}
		{C149C183-84F6-4B29-A5C7-E30A74D1949C} = {3F9B77ED-CD13-47BC-9A5C-19413AA7C2E2}
		{1A79DE50-C3B5-4FFC-B421-55CEDE8FB54F} = {3F9B77ED-CD13-47BC-9A5C-19413AA7C2E2}
		{4DCDD995-2D6E-4187-97BD-3EAC6986663B} = {3F9B77ED-CD13-47BC-9A5C-19413AA7C2E2}
	EndGlobalSection
	GlobalSection(ExtensibilityGlobals) = postSolution
		SolutionGuid = {B9E59945-4B4B-467B-B386-0F004DC51F5E}
	EndGlobalSection
EndGlobal
