
Microsoft Visual Studio Solution File, Format Version 12.00
# Visual Studio Version 17
VisualStudioVersion = 17.14.37531.7 d17.14
MinimumVisualStudioVersion = 10.0.40219.1
Project("{FAE04EC0-301F-11D3-BF4B-00C04F79EFBC}") = "StudentMSystem.API", "StudentMSystem.API\StudentMSystem.API.csproj", "{78D6B6F4-F290-464B-BEDE-FE6EB08821B8}"
EndProject
Project("{FAE04EC0-301F-11D3-BF4B-00C04F79EFBC}") = "StudentMSystem.Handler", "StudentMSystem.Handler\StudentMSystem.Handler.csproj", "{F8E1CBA5-600A-4C62-B82D-C7307D0CD1B5}"
EndProject
Project("{FAE04EC0-301F-11D3-BF4B-00C04F79EFBC}") = "StudentMSystem.DTO", "StudentMSystem.DTO\StudentMSystem.DTO.csproj", "{48823B64-1402-4D25-9B7E-6A41016AD6F6}"
EndProject
Project("{FAE04EC0-301F-11D3-BF4B-00C04F79EFBC}") = "StudentMSystem.AggregateRoot", "StudentMSystem.AggregateRoot\StudentMSystem.AggregateRoot.csproj", "{CC11CDB4-AC69-4FC1-A92C-FF9F1F9DA722}"
EndProject
Project("{FAE04EC0-301F-11D3-BF4B-00C04F79EFBC}") = "StudentMSystem.Repository", "StudentMSystem.Repository\StudentMSystem.Repository.csproj", "{FD14162D-98C9-4106-A913-50FE02F130D3}"
EndProject
Global
	GlobalSection(SolutionConfigurationPlatforms) = preSolution
		Debug|Any CPU = Debug|Any CPU
		Release|Any CPU = Release|Any CPU
	EndGlobalSection
	GlobalSection(ProjectConfigurationPlatforms) = postSolution
		{78D6B6F4-F290-464B-BEDE-FE6EB08821B8}.Debug|Any CPU.ActiveCfg = Debug|Any CPU
		{78D6B6F4-F290-464B-BEDE-FE6EB08821B8}.Debug|Any CPU.Build.0 = Debug|Any CPU
		{78D6B6F4-F290-464B-BEDE-FE6EB08821B8}.Release|Any CPU.ActiveCfg = Release|Any CPU
		{78D6B6F4-F290-464B-BEDE-FE6EB08821B8}.Release|Any CPU.Build.0 = Release|Any CPU
		{F8E1CBA5-600A-4C62-B82D-C7307D0CD1B5}.Debug|Any CPU.ActiveCfg = Debug|Any CPU
		{F8E1CBA5-600A-4C62-B82D-C7307D0CD1B5}.Debug|Any CPU.Build.0 = Debug|Any CPU
		{F8E1CBA5-600A-4C62-B82D-C7307D0CD1B5}.Release|Any CPU.ActiveCfg = Release|Any CPU
		{F8E1CBA5-600A-4C62-B82D-C7307D0CD1B5}.Release|Any CPU.Build.0 = Release|Any CPU
		{48823B64-1402-4D25-9B7E-6A41016AD6F6}.Debug|Any CPU.ActiveCfg = Debug|Any CPU
		{48823B64-1402-4D25-9B7E-6A41016AD6F6}.Debug|Any CPU.Build.0 = Debug|Any CPU
		{48823B64-1402-4D25-9B7E-6A41016AD6F6}.Release|Any CPU.ActiveCfg = Release|Any CPU
		{48823B64-1402-4D25-9B7E-6A41016AD6F6}.Release|Any CPU.Build.0 = Release|Any CPU
		{CC11CDB4-AC69-4FC1-A92C-FF9F1F9DA722}.Debug|Any CPU.ActiveCfg = Debug|Any CPU
		{CC11CDB4-AC69-4FC1-A92C-FF9F1F9DA722}.Debug|Any CPU.Build.0 = Debug|Any CPU
		{CC11CDB4-AC69-4FC1-A92C-FF9F1F9DA722}.Release|Any CPU.ActiveCfg = Release|Any CPU
		{CC11CDB4-AC69-4FC1-A92C-FF9F1F9DA722}.Release|Any CPU.Build.0 = Release|Any CPU
		{FD14162D-98C9-4106-A913-50FE02F130D3}.Debug|Any CPU.ActiveCfg = Debug|Any CPU
		{FD14162D-98C9-4106-A913-50FE02F130D3}.Debug|Any CPU.Build.0 = Debug|Any CPU
		{FD14162D-98C9-4106-A913-50FE02F130D3}.Release|Any CPU.ActiveCfg = Release|Any CPU
		{FD14162D-98C9-4106-A913-50FE02F130D3}.Release|Any CPU.Build.0 = Release|Any CPU
	EndGlobalSection
	GlobalSection(SolutionProperties) = preSolution
		HideSolutionNode = FALSE
	EndGlobalSection
	GlobalSection(ExtensibilityGlobals) = postSolution
		SolutionGuid = {B9E59945-4B4B-467B-B386-0F004DC51F5E}
	EndGlobalSection
EndGlobal
